
Microsoft Visual Studio Solution File, Format Version 12.00
# Visual Studio 14
VisualStudioVersion = 14.0.24720.0
MinimumVisualStudioVersion = 10.0.40219.1
Project("{FAE04EC0-301F-11D3-BF4B-00C04F79EFBC}") = "nancy_demo", "nancy_demo_1\nancy_demo.csproj", "{C93C4E24-A4CE-47BE-A9FB-88EC9A58940B}"
EndProject
Global
	GlobalSection(SolutionConfigurationPlatforms) = preSolution
		Debug|Any CPU = Debug|Any CPU
		Release|Any CPU = Release|Any CPU
	EndGlobalSection
	GlobalSection(ProjectConfigurationPlatforms) = postSolution
		{C93C4E24-A4CE-47BE-A9FB-88EC9A58940B}.Debug|Any CPU.ActiveCfg = Debug|Any CPU
		{C93C4E24-A4CE-47BE-A9FB-88EC9A58940B}.Debug|Any CPU.Build.0 = Debug|Any CPU
		{C93C4E24-A4CE-47BE-A9FB-88EC9A58940B}.Release|Any CPU.ActiveCfg = Release|Any CPU
		{C93C4E24-A4CE-47BE-A9FB-88EC9A58940B}.Release|Any CPU.Build.0 = Release|Any CPU
	EndGlobalSection
	GlobalSection(SolutionProperties) = preSolution
		HideSolutionNode = FALSE
	EndGlobalSection
EndGlobal
